// !$*UTF8*$!
{
	archiveVersion = 1;
	classes = {
	};
	objectVersion = 46;
	objects = {

/* Begin PBXBuildFile section */
		B803DC691C49F6060003F43D /* AppDelegate.swift in Sources */ = {isa = PBXBuildFile; fileRef = B803DC681C49F6060003F43D /* AppDelegate.swift */; };
		B803DC6B1C49F6060003F43D /* ViewController.swift in Sources */ = {isa = PBXBuildFile; fileRef = B803DC6A1C49F6060003F43D /* ViewController.swift */; };
		B803DC6E1C49F6060003F43D /* Main.storyboard in Resources */ = {isa = PBXBuildFile; fileRef = B803DC6C1C49F6060003F43D /* Main.storyboard */; };
		B803DC701C49F6060003F43D /* Assets.xcassets in Resources */ = {isa = PBXBuildFile; fileRef = B803DC6F1C49F6060003F43D /* Assets.xcassets */; };
		B803DC731C49F6060003F43D /* LaunchScreen.storyboard in Resources */ = {isa = PBXBuildFile; fileRef = B803DC711C49F6060003F43D /* LaunchScreen.storyboard */; };
		B803DC7E1C49F6060003F43D /* SwiftPraticesTests.swift in Sources */ = {isa = PBXBuildFile; fileRef = B803DC7D1C49F6060003F43D /* SwiftPraticesTests.swift */; };
		B803DC891C49F6060003F43D /* SwiftPraticesUITests.swift in Sources */ = {isa = PBXBuildFile; fileRef = B803DC881C49F6060003F43D /* SwiftPraticesUITests.swift */; };
		B803DC991C49F62E0003F43D /* Triangle.swift in Sources */ = {isa = PBXBuildFile; fileRef = B803DC981C49F62E0003F43D /* Triangle.swift */; };
		B803DC9D1C4A02730003F43D /* TriangleTests.swift in Sources */ = {isa = PBXBuildFile; fileRef = B803DC9C1C4A02730003F43D /* TriangleTests.swift */; };
		B82BAB781D0682FB003ECE7E /* BinarySearchTests.swift in Sources */ = {isa = PBXBuildFile; fileRef = B82BAB771D0682FB003ECE7E /* BinarySearchTests.swift */; };
		B869FE361C4F31C000DD7CE5 /* MinimumPathSum.swift in Sources */ = {isa = PBXBuildFile; fileRef = B869FE351C4F31C000DD7CE5 /* MinimumPathSum.swift */; };
		B869FE381C4F38E000DD7CE5 /* MinimumPathSumTests.swift in Sources */ = {isa = PBXBuildFile; fileRef = B869FE371C4F38E000DD7CE5 /* MinimumPathSumTests.swift */; };
		B869FE4C1C50949300DD7CE5 /* UniquePaths.swift in Sources */ = {isa = PBXBuildFile; fileRef = B869FE4B1C50949300DD7CE5 /* UniquePaths.swift */; };
		B869FE4E1C50978300DD7CE5 /* UniquePathsTests.swift in Sources */ = {isa = PBXBuildFile; fileRef = B869FE4D1C50978300DD7CE5 /* UniquePathsTests.swift */; };
		B87EA6471C62F60800C109F8 /* JumpGame.swift in Sources */ = {isa = PBXBuildFile; fileRef = B87EA6461C62F60800C109F8 /* JumpGame.swift */; };
		B87EA6491C62F78C00C109F8 /* JumpGameTests.swift in Sources */ = {isa = PBXBuildFile; fileRef = B87EA6481C62F78C00C109F8 /* JumpGameTests.swift */; };
		B8D10B571C65A62800BBDD6A /* ClimbingStairs.swift in Sources */ = {isa = PBXBuildFile; fileRef = B8D10B561C65A62800BBDD6A /* ClimbingStairs.swift */; };
		B8D10B591C65A8B500BBDD6A /* ClimbingStairsTests.swift in Sources */ = {isa = PBXBuildFile; fileRef = B8D10B581C65A8B500BBDD6A /* ClimbingStairsTests.swift */; };
		B8D4E1141D067D1F000AA11B /* BinarySearch.swift in Sources */ = {isa = PBXBuildFile; fileRef = B8D4E1131D067D1F000AA11B /* BinarySearch.swift */; };
/* End PBXBuildFile section */

/* Begin PBXContainerItemProxy section */
		B803DC7A1C49F6060003F43D /* PBXContainerItemProxy */ = {
			isa = PBXContainerItemProxy;
			containerPortal = B803DC5D1C49F6060003F43D /* Project object */;
			proxyType = 1;
			remoteGlobalIDString = B803DC641C49F6060003F43D;
			remoteInfo = SwiftPratices;
		};
		B803DC851C49F6060003F43D /* PBXContainerItemProxy */ = {
			isa = PBXContainerItemProxy;
			containerPortal = B803DC5D1C49F6060003F43D /* Project object */;
			proxyType = 1;
			remoteGlobalIDString = B803DC641C49F6060003F43D;
			remoteInfo = SwiftPratices;
		};
/* End PBXContainerItemProxy section */

/* Begin PBXFileReference section */
		B803DC651C49F6060003F43D /* SwiftPratices.app */ = {isa = PBXFileReference; explicitFileType = wrapper.application; includeInIndex = 0; path = SwiftPratices.app; sourceTree = BUILT_PRODUCTS_DIR; };
		B803DC681C49F6060003F43D /* AppDelegate.swift */ = {isa = PBXFileReference; lastKnownFileType = sourcecode.swift; path = AppDelegate.swift; sourceTree = "<group>"; };
		B803DC6A1C49F6060003F43D /* ViewController.swift */ = {isa = PBXFileReference; lastKnownFileType = sourcecode.swift; path = ViewController.swift; sourceTree = "<group>"; };
		B803DC6D1C49F6060003F43D /* Base */ = {isa = PBXFileReference; lastKnownFileType = file.storyboard; name = Base; path = Base.lproj/Main.storyboard; sourceTree = "<group>"; };
		B803DC6F1C49F6060003F43D /* Assets.xcassets */ = {isa = PBXFileReference; lastKnownFileType = folder.assetcatalog; path = Assets.xcassets; sourceTree = "<group>"; };
		B803DC721C49F6060003F43D /* Base */ = {isa = PBXFileReference; lastKnownFileType = file.storyboard; name = Base; path = Base.lproj/LaunchScreen.storyboard; sourceTree = "<group>"; };
		B803DC741C49F6060003F43D /* Info.plist */ = {isa = PBXFileReference; lastKnownFileType = text.plist.xml; path = Info.plist; sourceTree = "<group>"; };
		B803DC791C49F6060003F43D /* SwiftPraticesTests.xctest */ = {isa = PBXFileReference; explicitFileType = wrapper.cfbundle; includeInIndex = 0; path = SwiftPraticesTests.xctest; sourceTree = BUILT_PRODUCTS_DIR; };
		B803DC7D1C49F6060003F43D /* SwiftPraticesTests.swift */ = {isa = PBXFileReference; lastKnownFileType = sourcecode.swift; path = SwiftPraticesTests.swift; sourceTree = "<group>"; };
		B803DC7F1C49F6060003F43D /* Info.plist */ = {isa = PBXFileReference; lastKnownFileType = text.plist.xml; path = Info.plist; sourceTree = "<group>"; };
		B803DC841C49F6060003F43D /* SwiftPraticesUITests.xctest */ = {isa = PBXFileReference; explicitFileType = wrapper.cfbundle; includeInIndex = 0; path = SwiftPraticesUITests.xctest; sourceTree = BUILT_PRODUCTS_DIR; };
		B803DC881C49F6060003F43D /* SwiftPraticesUITests.swift */ = {isa = PBXFileReference; lastKnownFileType = sourcecode.swift; path = SwiftPraticesUITests.swift; sourceTree = "<group>"; };
		B803DC8A1C49F6060003F43D /* Info.plist */ = {isa = PBXFileReference; lastKnownFileType = text.plist.xml; path = Info.plist; sourceTree = "<group>"; };
		B803DC981C49F62E0003F43D /* Triangle.swift */ = {isa = PBXFileReference; fileEncoding = 4; lastKnownFileType = sourcecode.swift; path = Triangle.swift; sourceTree = "<group>"; };
		B803DC9C1C4A02730003F43D /* TriangleTests.swift */ = {isa = PBXFileReference; fileEncoding = 4; lastKnownFileType = sourcecode.swift; path = TriangleTests.swift; sourceTree = "<group>"; };
		B82BAB771D0682FB003ECE7E /* BinarySearchTests.swift */ = {isa = PBXFileReference; fileEncoding = 4; lastKnownFileType = sourcecode.swift; path = BinarySearchTests.swift; sourceTree = "<group>"; };
		B869FE351C4F31C000DD7CE5 /* MinimumPathSum.swift */ = {isa = PBXFileReference; fileEncoding = 4; lastKnownFileType = sourcecode.swift; path = MinimumPathSum.swift; sourceTree = "<group>"; };
		B869FE371C4F38E000DD7CE5 /* MinimumPathSumTests.swift */ = {isa = PBXFileReference; fileEncoding = 4; lastKnownFileType = sourcecode.swift; path = MinimumPathSumTests.swift; sourceTree = "<group>"; };
		B869FE4B1C50949300DD7CE5 /* UniquePaths.swift */ = {isa = PBXFileReference; fileEncoding = 4; lastKnownFileType = sourcecode.swift; path = UniquePaths.swift; sourceTree = "<group>"; };
		B869FE4D1C50978300DD7CE5 /* UniquePathsTests.swift */ = {isa = PBXFileReference; fileEncoding = 4; lastKnownFileType = sourcecode.swift; path = UniquePathsTests.swift; sourceTree = "<group>"; };
		B87EA6461C62F60800C109F8 /* JumpGame.swift */ = {isa = PBXFileReference; fileEncoding = 4; lastKnownFileType = sourcecode.swift; path = JumpGame.swift; sourceTree = "<group>"; };
		B87EA6481C62F78C00C109F8 /* JumpGameTests.swift */ = {isa = PBXFileReference; fileEncoding = 4; lastKnownFileType = sourcecode.swift; path = JumpGameTests.swift; sourceTree = "<group>"; };
		B8D10B561C65A62800BBDD6A /* ClimbingStairs.swift */ = {isa = PBXFileReference; fileEncoding = 4; lastKnownFileType = sourcecode.swift; path = ClimbingStairs.swift; sourceTree = "<group>"; };
		B8D10B581C65A8B500BBDD6A /* ClimbingStairsTests.swift */ = {isa = PBXFileReference; fileEncoding = 4; lastKnownFileType = sourcecode.swift; path = ClimbingStairsTests.swift; sourceTree = "<group>"; };
		B8D4E1131D067D1F000AA11B /* BinarySearch.swift */ = {isa = PBXFileReference; fileEncoding = 4; lastKnownFileType = sourcecode.swift; path = BinarySearch.swift; sourceTree = "<group>"; };
/* End PBXFileReference section */

/* Begin PBXFrameworksBuildPhase section */
		B803DC621C49F6060003F43D /* Frameworks */ = {
			isa = PBXFrameworksBuildPhase;
			buildActionMask = 2147483647;
			files = (
			);
			runOnlyForDeploymentPostprocessing = 0;
		};
		B803DC761C49F6060003F43D /* Frameworks */ = {
			isa = PBXFrameworksBuildPhase;
			buildActionMask = 2147483647;
			files = (
			);
			runOnlyForDeploymentPostprocessing = 0;
		};
		B803DC811C49F6060003F43D /* Frameworks */ = {
			isa = PBXFrameworksBuildPhase;
			buildActionMask = 2147483647;
			files = (
			);
			runOnlyForDeploymentPostprocessing = 0;
		};
/* End PBXFrameworksBuildPhase section */

/* Begin PBXGroup section */
		B803DC5C1C49F6060003F43D = {
			isa = PBXGroup;
			children = (
				B803DC671C49F6060003F43D /* SwiftPratices */,
				B803DC7C1C49F6060003F43D /* SwiftPraticesTests */,
				B803DC871C49F6060003F43D /* SwiftPraticesUITests */,
				B803DC661C49F6060003F43D /* Products */,
			);
			sourceTree = "<group>";
		};
		B803DC661C49F6060003F43D /* Products */ = {
			isa = PBXGroup;
			children = (
				B803DC651C49F6060003F43D /* SwiftPratices.app */,
				B803DC791C49F6060003F43D /* SwiftPraticesTests.xctest */,
				B803DC841C49F6060003F43D /* SwiftPraticesUITests.xctest */,
			);
			name = Products;
			sourceTree = "<group>";
		};
		B803DC671C49F6060003F43D /* SwiftPratices */ = {
			isa = PBXGroup;
			children = (
				B803DC961C49F6260003F43D /* Algo */,
				B803DC681C49F6060003F43D /* AppDelegate.swift */,
				B803DC6A1C49F6060003F43D /* ViewController.swift */,
				B803DC6C1C49F6060003F43D /* Main.storyboard */,
				B803DC6F1C49F6060003F43D /* Assets.xcassets */,
				B803DC711C49F6060003F43D /* LaunchScreen.storyboard */,
				B803DC741C49F6060003F43D /* Info.plist */,
			);
			path = SwiftPratices;
			sourceTree = "<group>";
		};
		B803DC7C1C49F6060003F43D /* SwiftPraticesTests */ = {
			isa = PBXGroup;
			children = (
				B803DC9A1C4A02620003F43D /* Algo */,
				B803DC7D1C49F6060003F43D /* SwiftPraticesTests.swift */,
				B803DC7F1C49F6060003F43D /* Info.plist */,
			);
			path = SwiftPraticesTests;
			sourceTree = "<group>";
		};
		B803DC871C49F6060003F43D /* SwiftPraticesUITests */ = {
			isa = PBXGroup;
			children = (
				B803DC881C49F6060003F43D /* SwiftPraticesUITests.swift */,
				B803DC8A1C49F6060003F43D /* Info.plist */,
			);
			path = SwiftPraticesUITests;
			sourceTree = "<group>";
		};
		B803DC961C49F6260003F43D /* Algo */ = {
			isa = PBXGroup;
			children = (
				B8D4E1121D067C54000AA11B /* BinarySearch */,
				B803DC971C49F6260003F43D /* DP */,
			);
			path = Algo;
			sourceTree = "<group>";
		};
		B803DC971C49F6260003F43D /* DP */ = {
			isa = PBXGroup;
			children = (
				B803DC981C49F62E0003F43D /* Triangle.swift */,
				B869FE351C4F31C000DD7CE5 /* MinimumPathSum.swift */,
				B869FE4B1C50949300DD7CE5 /* UniquePaths.swift */,
				B87EA6461C62F60800C109F8 /* JumpGame.swift */,
				B8D10B561C65A62800BBDD6A /* ClimbingStairs.swift */,
			);
			path = DP;
			sourceTree = "<group>";
		};
		B803DC9A1C4A02620003F43D /* Algo */ = {
			isa = PBXGroup;
			children = (
				B8D4E1151D067E6E000AA11B /* BinarySearch */,
				B803DC9B1C4A02620003F43D /* DP */,
			);
			path = Algo;
			sourceTree = "<group>";
		};
		B803DC9B1C4A02620003F43D /* DP */ = {
			isa = PBXGroup;
			children = (
				B803DC9C1C4A02730003F43D /* TriangleTests.swift */,
				B869FE371C4F38E000DD7CE5 /* MinimumPathSumTests.swift */,
				B869FE4D1C50978300DD7CE5 /* UniquePathsTests.swift */,
				B87EA6481C62F78C00C109F8 /* JumpGameTests.swift */,
				B8D10B581C65A8B500BBDD6A /* ClimbingStairsTests.swift */,
			);
			path = DP;
			sourceTree = "<group>";
		};
		B8D4E1121D067C54000AA11B /* BinarySearch */ = {
			isa = PBXGroup;
			children = (
				B8D4E1131D067D1F000AA11B /* BinarySearch.swift */,
			);
			path = BinarySearch;
			sourceTree = "<group>";
		};
		B8D4E1151D067E6E000AA11B /* BinarySearch */ = {
			isa = PBXGroup;
			children = (
				B82BAB771D0682FB003ECE7E /* BinarySearchTests.swift */,
			);
			path = BinarySearch;
			sourceTree = "<group>";
		};
/* End PBXGroup section */

/* Begin PBXNativeTarget section */
		B803DC641C49F6060003F43D /* SwiftPratices */ = {
			isa = PBXNativeTarget;
			buildConfigurationList = B803DC8D1C49F6060003F43D /* Build configuration list for PBXNativeTarget "SwiftPratices" */;
			buildPhases = (
				B803DC611C49F6060003F43D /* Sources */,
				B803DC621C49F6060003F43D /* Frameworks */,
				B803DC631C49F6060003F43D /* Resources */,
			);
			buildRules = (
			);
			dependencies = (
			);
			name = SwiftPratices;
			productName = SwiftPratices;
			productReference = B803DC651C49F6060003F43D /* SwiftPratices.app */;
			productType = "com.apple.product-type.application";
		};
		B803DC781C49F6060003F43D /* SwiftPraticesTests */ = {
			isa = PBXNativeTarget;
			buildConfigurationList = B803DC901C49F6060003F43D /* Build configuration list for PBXNativeTarget "SwiftPraticesTests" */;
			buildPhases = (
				B803DC751C49F6060003F43D /* Sources */,
				B803DC761C49F6060003F43D /* Frameworks */,
				B803DC771C49F6060003F43D /* Resources */,
			);
			buildRules = (
			);
			dependencies = (
				B803DC7B1C49F6060003F43D /* PBXTargetDependency */,
			);
			name = SwiftPraticesTests;
			productName = SwiftPraticesTests;
			productReference = B803DC791C49F6060003F43D /* SwiftPraticesTests.xctest */;
			productType = "com.apple.product-type.bundle.unit-test";
		};
		B803DC831C49F6060003F43D /* SwiftPraticesUITests */ = {
			isa = PBXNativeTarget;
			buildConfigurationList = B803DC931C49F6060003F43D /* Build configuration list for PBXNativeTarget "SwiftPraticesUITests" */;
			buildPhases = (
				B803DC801C49F6060003F43D /* Sources */,
				B803DC811C49F6060003F43D /* Frameworks */,
				B803DC821C49F6060003F43D /* Resources */,
			);
			buildRules = (
			);
			dependencies = (
				B803DC861C49F6060003F43D /* PBXTargetDependency */,
			);
			name = SwiftPraticesUITests;
			productName = SwiftPraticesUITests;
			productReference = B803DC841C49F6060003F43D /* SwiftPraticesUITests.xctest */;
			productType = "com.apple.product-type.bundle.ui-testing";
		};
/* End PBXNativeTarget section */

/* Begin PBXProject section */
		B803DC5D1C49F6060003F43D /* Project object */ = {
			isa = PBXProject;
			attributes = {
				LastSwiftUpdateCheck = 0710;
				LastUpgradeCheck = 0710;
				ORGANIZATIONNAME = Planhola.com;
				TargetAttributes = {
					B803DC641C49F6060003F43D = {
						CreatedOnToolsVersion = 7.1;
					};
					B803DC781C49F6060003F43D = {
						CreatedOnToolsVersion = 7.1;
						TestTargetID = B803DC641C49F6060003F43D;
					};
					B803DC831C49F6060003F43D = {
						CreatedOnToolsVersion = 7.1;
						TestTargetID = B803DC641C49F6060003F43D;
					};
				};
			};
			buildConfigurationList = B803DC601C49F6060003F43D /* Build configuration list for PBXProject "SwiftPratices" */;
			compatibilityVersion = "Xcode 3.2";
			developmentRegion = English;
			hasScannedForEncodings = 0;
			knownRegions = (
				en,
				Base,
			);
			mainGroup = B803DC5C1C49F6060003F43D;
			productRefGroup = B803DC661C49F6060003F43D /* Products */;
			projectDirPath = "";
			projectRoot = "";
			targets = (
				B803DC641C49F6060003F43D /* SwiftPratices */,
				B803DC781C49F6060003F43D /* SwiftPraticesTests */,
				B803DC831C49F6060003F43D /* SwiftPraticesUITests */,
			);
		};
/* End PBXProject section */

/* Begin PBXResourcesBuildPhase section */
		B803DC631C49F6060003F43D /* Resources */ = {
			isa = PBXResourcesBuildPhase;
			buildActionMask = 2147483647;
			files = (
				B803DC731C49F6060003F43D /* LaunchScreen.storyboard in Resources */,
				B803DC701C49F6060003F43D /* Assets.xcassets in Resources */,
				B803DC6E1C49F6060003F43D /* Main.storyboard in Resources */,
			);
			runOnlyForDeploymentPostprocessing = 0;
		};
		B803DC771C49F6060003F43D /* Resources */ = {
			isa = PBXResourcesBuildPhase;
			buildActionMask = 2147483647;
			files = (
			);
			runOnlyForDeploymentPostprocessing = 0;
		};
		B803DC821C49F6060003F43D /* Resources */ = {
			isa = PBXResourcesBuildPhase;
			buildActionMask = 2147483647;
			files = (
			);
			runOnlyForDeploymentPostprocessing = 0;
		};
/* End PBXResourcesBuildPhase section */

/* Begin PBXSourcesBuildPhase section */
		B803DC611C49F6060003F43D /* Sources */ = {
			isa = PBXSourcesBuildPhase;
			buildActionMask = 2147483647;
			files = (
				B8D4E1141D067D1F000AA11B /* BinarySearch.swift in Sources */,
				B803DC991C49F62E0003F43D /* Triangle.swift in Sources */,
				B869FE361C4F31C000DD7CE5 /* MinimumPathSum.swift in Sources */,
				B8D10B571C65A62800BBDD6A /* ClimbingStairs.swift in Sources */,
				B869FE4C1C50949300DD7CE5 /* UniquePaths.swift in Sources */,
				B803DC6B1C49F6060003F43D /* ViewController.swift in Sources */,
				B803DC691C49F6060003F43D /* AppDelegate.swift in Sources */,
				B87EA6471C62F60800C109F8 /* JumpGame.swift in Sources */,
			);
			runOnlyForDeploymentPostprocessing = 0;
		};
		B803DC751C49F6060003F43D /* Sources */ = {
			isa = PBXSourcesBuildPhase;
			buildActionMask = 2147483647;
			files = (
				B803DC7E1C49F6060003F43D /* SwiftPraticesTests.swift in Sources */,
				B82BAB781D0682FB003ECE7E /* BinarySearchTests.swift in Sources */,
				B87EA6491C62F78C00C109F8 /* JumpGameTests.swift in Sources */,
				B8D10B591C65A8B500BBDD6A /* ClimbingStairsTests.swift in Sources */,
				B869FE381C4F38E000DD7CE5 /* MinimumPathSumTests.swift in Sources */,
				B803DC9D1C4A02730003F43D /* TriangleTests.swift in Sources */,
				B869FE4E1C50978300DD7CE5 /* UniquePathsTests.swift in Sources */,
			);
			runOnlyForDeploymentPostprocessing = 0;
		};
		B803DC801C49F6060003F43D /* Sources */ = {
			isa = PBXSourcesBuildPhase;
			buildActionMask = 2147483647;
			files = (
				B803DC891C49F6060003F43D /* SwiftPraticesUITests.swift in Sources */,
			);
			runOnlyForDeploymentPostprocessing = 0;
		};
/* End PBXSourcesBuildPhase section */

/* Begin PBXTargetDependency section */
		B803DC7B1C49F6060003F43D /* PBXTargetDependency */ = {
			isa = PBXTargetDependency;
			target = B803DC641C49F6060003F43D /* SwiftPratices */;
			targetProxy = B803DC7A1C49F6060003F43D /* PBXContainerItemProxy */;
		};
		B803DC861C49F6060003F43D /* PBXTargetDependency */ = {
			isa = PBXTargetDependency;
			target = B803DC641C49F6060003F43D /* SwiftPratices */;
			targetProxy = B803DC851C49F6060003F43D /* PBXContainerItemProxy */;
		};
/* End PBXTargetDependency section */

/* Begin PBXVariantGroup section */
		B803DC6C1C49F6060003F43D /* Main.storyboard */ = {
			isa = PBXVariantGroup;
			children = (
				B803DC6D1C49F6060003F43D /* Base */,
			);
			name = Main.storyboard;
			sourceTree = "<group>";
		};
		B803DC711C49F6060003F43D /* LaunchScreen.storyboard */ = {
			isa = PBXVariantGroup;
			children = (
				B803DC721C49F6060003F43D /* Base */,
			);
			name = LaunchScreen.storyboard;
			sourceTree = "<group>";
		};
/* End PBXVariantGroup section */

/* Begin XCBuildConfiguration section */
		B803DC8B1C49F6060003F43D /* Debug */ = {
			isa = XCBuildConfiguration;
			buildSettings = {
				ALWAYS_SEARCH_USER_PATHS = NO;
				CLANG_CXX_LANGUAGE_STANDARD = "gnu++0x";
				CLANG_CXX_LIBRARY = "libc++";
				CLANG_ENABLE_MODULES = YES;
				CLANG_ENABLE_OBJC_ARC = YES;
				CLANG_WARN_BOOL_CONVERSION = YES;
				CLANG_WARN_CONSTANT_CONVERSION = YES;
				CLANG_WARN_DIRECT_OBJC_ISA_USAGE = YES_ERROR;
				CLANG_WARN_EMPTY_BODY = YES;
				CLANG_WARN_ENUM_CONVERSION = YES;
				CLANG_WARN_INT_CONVERSION = YES;
				CLANG_WARN_OBJC_ROOT_CLASS = YES_ERROR;
				CLANG_WARN_UNREACHABLE_CODE = YES;
				CLANG_WARN__DUPLICATE_METHOD_MATCH = YES;
				"CODE_SIGN_IDENTITY[sdk=iphoneos*]" = "iPhone Developer";
				COPY_PHASE_STRIP = NO;
				DEBUG_INFORMATION_FORMAT = dwarf;
				ENABLE_STRICT_OBJC_MSGSEND = YES;
				ENABLE_TESTABILITY = YES;
				GCC_C_LANGUAGE_STANDARD = gnu99;
				GCC_DYNAMIC_NO_PIC = NO;
				GCC_NO_COMMON_BLOCKS = YES;
				GCC_OPTIMIZATION_LEVEL = 0;
				GCC_PREPROCESSOR_DEFINITIONS = (
					"DEBUG=1",
					"$(inherited)",
				);
				GCC_WARN_64_TO_32_BIT_CONVERSION = YES;
				GCC_WARN_ABOUT_RETURN_TYPE = YES_ERROR;
				GCC_WARN_UNDECLARED_SELECTOR = YES;
				GCC_WARN_UNINITIALIZED_AUTOS = YES_AGGRESSIVE;
				GCC_WARN_UNUSED_FUNCTION = YES;
				GCC_WARN_UNUSED_VARIABLE = YES;
				IPHONEOS_DEPLOYMENT_TARGET = 9.1;
				MTL_ENABLE_DEBUG_INFO = YES;
				ONLY_ACTIVE_ARCH = YES;
				SDKROOT = iphoneos;
				SWIFT_OPTIMIZATION_LEVEL = "-Onone";
				TARGETED_DEVICE_FAMILY = "1,2";
			};
			name = Debug;
		};
		B803DC8C1C49F6060003F43D /* Release */ = {
			isa = XCBuildConfiguration;
			buildSettings = {
				ALWAYS_SEARCH_USER_PATHS = NO;
				CLANG_CXX_LANGUAGE_STANDARD = "gnu++0x";
				CLANG_CXX_LIBRARY = "libc++";
				CLANG_ENABLE_MODULES = YES;
				CLANG_ENABLE_OBJC_ARC = YES;
				CLANG_WARN_BOOL_CONVERSION = YES;
				CLANG_WARN_CONSTANT_CONVERSION = YES;
				CLANG_WARN_DIRECT_OBJC_ISA_USAGE = YES_ERROR;
				CLANG_WARN_EMPTY_BODY = YES;
				CLANG_WARN_ENUM_CONVERSION = YES;
				CLANG_WARN_INT_CONVERSION = YES;
				CLANG_WARN_OBJC_ROOT_CLASS = YES_ERROR;
				CLANG_WARN_UNREACHABLE_CODE = YES;
				CLANG_WARN__DUPLICATE_METHOD_MATCH = YES;
				"CODE_SIGN_IDENTITY[sdk=iphoneos*]" = "iPhone Developer";
				COPY_PHASE_STRIP = NO;
				DEBUG_INFORMATION_FORMAT = "dwarf-with-dsym";
				ENABLE_NS_ASSERTIONS = NO;
				ENABLE_STRICT_OBJC_MSGSEND = YES;
				GCC_C_LANGUAGE_STANDARD = gnu99;
				GCC_NO_COMMON_BLOCKS = YES;
				GCC_WARN_64_TO_32_BIT_CONVERSION = YES;
				GCC_WARN_ABOUT_RETURN_TYPE = YES_ERROR;
				GCC_WARN_UNDECLARED_SELECTOR = YES;
				GCC_WARN_UNINITIALIZED_AUTOS = YES_AGGRESSIVE;
				GCC_WARN_UNUSED_FUNCTION = YES;
				GCC_WARN_UNUSED_VARIABLE = YES;
				IPHONEOS_DEPLOYMENT_TARGET = 9.1;
				MTL_ENABLE_DEBUG_INFO = NO;
				SDKROOT = iphoneos;
				TARGETED_DEVICE_FAMILY = "1,2";
				VALIDATE_PRODUCT = YES;
			};
			name = Release;
		};
		B803DC8E1C49F6060003F43D /* Debug */ = {
			isa = XCBuildConfiguration;
			buildSettings = {
				ASSETCATALOG_COMPILER_APPICON_NAME = AppIcon;
				INFOPLIST_FILE = SwiftPratices/Info.plist;
				LD_RUNPATH_SEARCH_PATHS = "$(inherited) @executable_path/Frameworks";
				PRODUCT_BUNDLE_IDENTIFIER = com.planhola.SwiftPratices;
				PRODUCT_NAME = "$(TARGET_NAME)";
			};
			name = Debug;
		};
		B803DC8F1C49F6060003F43D /* Release */ = {
			isa = XCBuildConfiguration;
			buildSettings = {
				ASSETCATALOG_COMPILER_APPICON_NAME = AppIcon;
				INFOPLIST_FILE = SwiftPratices/Info.plist;
				LD_RUNPATH_SEARCH_PATHS = "$(inherited) @executable_path/Frameworks";
				PRODUCT_BUNDLE_IDENTIFIER = com.planhola.SwiftPratices;
				PRODUCT_NAME = "$(TARGET_NAME)";
			};
			name = Release;
		};
		B803DC911C49F6060003F43D /* Debug */ = {
			isa = XCBuildConfiguration;
			buildSettings = {
				BUNDLE_LOADER = "$(TEST_HOST)";
				INFOPLIST_FILE = SwiftPraticesTests/Info.plist;
				LD_RUNPATH_SEARCH_PATHS = "$(inherited) @executable_path/Frameworks @loader_path/Frameworks";
				PRODUCT_BUNDLE_IDENTIFIER = com.planhola.SwiftPraticesTests;
				PRODUCT_NAME = "$(TARGET_NAME)";
				TEST_HOST = "$(BUILT_PRODUCTS_DIR)/SwiftPratices.app/SwiftPratices";
			};
			name = Debug;
		};
		B803DC921C49F6060003F43D /* Release */ = {
			isa = XCBuildConfiguration;
			buildSettings = {
				BUNDLE_LOADER = "$(TEST_HOST)";
				INFOPLIST_FILE = SwiftPraticesTests/Info.plist;
				LD_RUNPATH_SEARCH_PATHS = "$(inherited) @executable_path/Frameworks @loader_path/Frameworks";
				PRODUCT_BUNDLE_IDENTIFIER = com.planhola.SwiftPraticesTests;
				PRODUCT_NAME = "$(TARGET_NAME)";
				TEST_HOST = "$(BUILT_PRODUCTS_DIR)/SwiftPratices.app/SwiftPratices";
			};
			name = Release;
		};
		B803DC941C49F6060003F43D /* Debug */ = {
			isa = XCBuildConfiguration;
			buildSettings = {
				INFOPLIST_FILE = SwiftPraticesUITests/Info.plist;
				LD_RUNPATH_SEARCH_PATHS = "$(inherited) @executable_path/Frameworks @loader_path/Frameworks";
				PRODUCT_BUNDLE_IDENTIFIER = com.planhola.SwiftPraticesUITests;
				PRODUCT_NAME = "$(TARGET_NAME)";
				TEST_TARGET_NAME = SwiftPratices;
				USES_XCTRUNNER = YES;
			};
			name = Debug;
		};
		B803DC951C49F6060003F43D /* Release */ = {
			isa = XCBuildConfiguration;
			buildSettings = {
				INFOPLIST_FILE = SwiftPraticesUITests/Info.plist;
				LD_RUNPATH_SEARCH_PATHS = "$(inherited) @executable_path/Frameworks @loader_path/Frameworks";
				PRODUCT_BUNDLE_IDENTIFIER = com.planhola.SwiftPraticesUITests;
				PRODUCT_NAME = "$(TARGET_NAME)";
				TEST_TARGET_NAME = SwiftPratices;
				USES_XCTRUNNER = YES;
			};
			name = Release;
		};
/* End XCBuildConfiguration section */

/* Begin XCConfigurationList section */
		B803DC601C49F6060003F43D /* Build configuration list for PBXProject "SwiftPratices" */ = {
			isa = XCConfigurationList;
			buildConfigurations = (
				B803DC8B1C49F6060003F43D /* Debug */,
				B803DC8C1C49F6060003F43D /* Release */,
			);
			defaultConfigurationIsVisible = 0;
			defaultConfigurationName = Release;
		};
		B803DC8D1C49F6060003F43D /* Build configuration list for PBXNativeTarget "SwiftPratices" */ = {
			isa = XCConfigurationList;
			buildConfigurations = (
				B803DC8E1C49F6060003F43D /* Debug */,
				B803DC8F1C49F6060003F43D /* Release */,
			);
			defaultConfigurationIsVisible = 0;
			defaultConfigurationName = Release;
		};
		B803DC901C49F6060003F43D /* Build configuration list for PBXNativeTarget "SwiftPraticesTests" */ = {
			isa = XCConfigurationList;
			buildConfigurations = (
				B803DC911C49F6060003F43D /* Debug */,
				B803DC921C49F6060003F43D /* Release */,
			);
			defaultConfigurationIsVisible = 0;
			defaultConfigurationName = Release;
		};
		B803DC931C49F6060003F43D /* Build configuration list for PBXNativeTarget "SwiftPraticesUITests" */ = {
			isa = XCConfigurationList;
			buildConfigurations = (
				B803DC941C49F6060003F43D /* Debug */,
				B803DC951C49F6060003F43D /* Release */,
			);
			defaultConfigurationIsVisible = 0;
			defaultConfigurationName = Release;
		};
/* End XCConfigurationList section */
	};
	rootObject = B803DC5D1C49F6060003F43D /* Project object */;
}
